// !$*UTF8*$!
{
	archiveVersion = 1;
	classes = {
	};
	objectVersion = 46;
	objects = {

/* Begin PBXBuildFile section */
		CC09813E1D8B75A500C2008F /* main.m in Sources */ = {isa = PBXBuildFile; fileRef = CC09813D1D8B75A500C2008F /* main.m */; };
		CC0981411D8B75A500C2008F /* AppDelegate.m in Sources */ = {isa = PBXBuildFile; fileRef = CC0981401D8B75A500C2008F /* AppDelegate.m */; };
		CC0981491D8B75A500C2008F /* Assets.xcassets in Resources */ = {isa = PBXBuildFile; fileRef = CC0981481D8B75A500C2008F /* Assets.xcassets */; };
		CC09814C1D8B75A500C2008F /* LaunchScreen.storyboard in Resources */ = {isa = PBXBuildFile; fileRef = CC09814A1D8B75A500C2008F /* LaunchScreen.storyboard */; };
		CC0981611D8B851E00C2008F /* RMDLobbyViewController.m in Sources */ = {isa = PBXBuildFile; fileRef = CC0981601D8B851E00C2008F /* RMDLobbyViewController.m */; };
		CC3A9D2F1D8F45C1001736C9 /* RMDHostViewController.m in Sources */ = {isa = PBXBuildFile; fileRef = CC3A9D2E1D8F45C1001736C9 /* RMDHostViewController.m */; };
		CC3A9D321D8F45DA001736C9 /* RMDLobbyView.m in Sources */ = {isa = PBXBuildFile; fileRef = CC3A9D311D8F45DA001736C9 /* RMDLobbyView.m */; };
		CC3A9D371D8F48D9001736C9 /* RMDHostView.m in Sources */ = {isa = PBXBuildFile; fileRef = CC3A9D361D8F48D9001736C9 /* RMDHostView.m */; };
		CC3A9D3B1D8F49BE001736C9 /* RMDJoinView.m in Sources */ = {isa = PBXBuildFile; fileRef = CC3A9D3A1D8F49BE001736C9 /* RMDJoinView.m */; };
		CC3A9D3E1D8F49C9001736C9 /* RMDJoinViewController.m in Sources */ = {isa = PBXBuildFile; fileRef = CC3A9D3D1D8F49C9001736C9 /* RMDJoinViewController.m */; };
		CC3D6B901D96B92700ADEDCF /* RMDConnectionManager.m in Sources */ = {isa = PBXBuildFile; fileRef = CC3D6B8F1D96B92700ADEDCF /* RMDConnectionManager.m */; };
		CC3D6B931D99E37200ADEDCF /* RMDRuleEntryViewController.m in Sources */ = {isa = PBXBuildFile; fileRef = CC3D6B921D99E37200ADEDCF /* RMDRuleEntryViewController.m */; };
		CC3D6B971D99E3AB00ADEDCF /* RMDRuleEntryView.m in Sources */ = {isa = PBXBuildFile; fileRef = CC3D6B961D99E3AB00ADEDCF /* RMDRuleEntryView.m */; };
		CC6BBBAF1DA06AEA00409BAB /* MultipeerConnectivity.framework in Frameworks */ = {isa = PBXBuildFile; fileRef = CC6BBBAE1DA06AEA00409BAB /* MultipeerConnectivity.framework */; };
		CC6BBBE21DA9993300409BAB /* RMDRule.m in Sources */ = {isa = PBXBuildFile; fileRef = CC6BBBE11DA9993300409BAB /* RMDRule.m */; };
/* End PBXBuildFile section */

/* Begin PBXFileReference section */
		CC0981391D8B75A500C2008F /* Demon.app */ = {isa = PBXFileReference; explicitFileType = wrapper.application; includeInIndex = 0; path = Demon.app; sourceTree = BUILT_PRODUCTS_DIR; };
		CC09813D1D8B75A500C2008F /* main.m */ = {isa = PBXFileReference; lastKnownFileType = sourcecode.c.objc; path = main.m; sourceTree = "<group>"; };
		CC09813F1D8B75A500C2008F /* AppDelegate.h */ = {isa = PBXFileReference; lastKnownFileType = sourcecode.c.h; path = AppDelegate.h; sourceTree = "<group>"; };
		CC0981401D8B75A500C2008F /* AppDelegate.m */ = {isa = PBXFileReference; lastKnownFileType = sourcecode.c.objc; path = AppDelegate.m; sourceTree = "<group>"; };
		CC0981481D8B75A500C2008F /* Assets.xcassets */ = {isa = PBXFileReference; lastKnownFileType = folder.assetcatalog; path = Assets.xcassets; sourceTree = "<group>"; };
		CC09814B1D8B75A500C2008F /* Base */ = {isa = PBXFileReference; lastKnownFileType = file.storyboard; name = Base; path = Base.lproj/LaunchScreen.storyboard; sourceTree = "<group>"; };
		CC09814D1D8B75A500C2008F /* Info.plist */ = {isa = PBXFileReference; lastKnownFileType = text.plist.xml; path = Info.plist; sourceTree = "<group>"; };
		CC09815F1D8B851E00C2008F /* RMDLobbyViewController.h */ = {isa = PBXFileReference; fileEncoding = 4; lastKnownFileType = sourcecode.c.h; path = RMDLobbyViewController.h; sourceTree = "<group>"; };
		CC0981601D8B851E00C2008F /* RMDLobbyViewController.m */ = {isa = PBXFileReference; fileEncoding = 4; lastKnownFileType = sourcecode.c.objc; path = RMDLobbyViewController.m; sourceTree = "<group>"; };
		CC3A9D2D1D8F45C1001736C9 /* RMDHostViewController.h */ = {isa = PBXFileReference; fileEncoding = 4; lastKnownFileType = sourcecode.c.h; path = RMDHostViewController.h; sourceTree = "<group>"; };
		CC3A9D2E1D8F45C1001736C9 /* RMDHostViewController.m */ = {isa = PBXFileReference; fileEncoding = 4; lastKnownFileType = sourcecode.c.objc; path = RMDHostViewController.m; sourceTree = "<group>"; };
		CC3A9D301D8F45DA001736C9 /* RMDLobbyView.h */ = {isa = PBXFileReference; fileEncoding = 4; lastKnownFileType = sourcecode.c.h; path = RMDLobbyView.h; sourceTree = "<group>"; };
		CC3A9D311D8F45DA001736C9 /* RMDLobbyView.m */ = {isa = PBXFileReference; fileEncoding = 4; lastKnownFileType = sourcecode.c.objc; path = RMDLobbyView.m; sourceTree = "<group>"; };
		CC3A9D351D8F48D9001736C9 /* RMDHostView.h */ = {isa = PBXFileReference; fileEncoding = 4; lastKnownFileType = sourcecode.c.h; path = RMDHostView.h; sourceTree = "<group>"; };
		CC3A9D361D8F48D9001736C9 /* RMDHostView.m */ = {isa = PBXFileReference; fileEncoding = 4; lastKnownFileType = sourcecode.c.objc; path = RMDHostView.m; sourceTree = "<group>"; };
		CC3A9D391D8F49BE001736C9 /* RMDJoinView.h */ = {isa = PBXFileReference; fileEncoding = 4; lastKnownFileType = sourcecode.c.h; path = RMDJoinView.h; sourceTree = "<group>"; };
		CC3A9D3A1D8F49BE001736C9 /* RMDJoinView.m */ = {isa = PBXFileReference; fileEncoding = 4; lastKnownFileType = sourcecode.c.objc; path = RMDJoinView.m; sourceTree = "<group>"; };
		CC3A9D3C1D8F49C9001736C9 /* RMDJoinViewController.h */ = {isa = PBXFileReference; fileEncoding = 4; lastKnownFileType = sourcecode.c.h; path = RMDJoinViewController.h; sourceTree = "<group>"; };
		CC3A9D3D1D8F49C9001736C9 /* RMDJoinViewController.m */ = {isa = PBXFileReference; fileEncoding = 4; lastKnownFileType = sourcecode.c.objc; path = RMDJoinViewController.m; sourceTree = "<group>"; };
		CC3D6B8E1D96B92700ADEDCF /* RMDConnectionManager.h */ = {isa = PBXFileReference; fileEncoding = 4; lastKnownFileType = sourcecode.c.h; path = RMDConnectionManager.h; sourceTree = "<group>"; };
		CC3D6B8F1D96B92700ADEDCF /* RMDConnectionManager.m */ = {isa = PBXFileReference; fileEncoding = 4; lastKnownFileType = sourcecode.c.objc; path = RMDConnectionManager.m; sourceTree = "<group>"; };
		CC3D6B911D99E37200ADEDCF /* RMDRuleEntryViewController.h */ = {isa = PBXFileReference; fileEncoding = 4; lastKnownFileType = sourcecode.c.h; path = RMDRuleEntryViewController.h; sourceTree = "<group>"; };
		CC3D6B921D99E37200ADEDCF /* RMDRuleEntryViewController.m */ = {isa = PBXFileReference; fileEncoding = 4; lastKnownFileType = sourcecode.c.objc; path = RMDRuleEntryViewController.m; sourceTree = "<group>"; };
		CC3D6B951D99E3AB00ADEDCF /* RMDRuleEntryView.h */ = {isa = PBXFileReference; fileEncoding = 4; lastKnownFileType = sourcecode.c.h; path = RMDRuleEntryView.h; sourceTree = "<group>"; };
		CC3D6B961D99E3AB00ADEDCF /* RMDRuleEntryView.m */ = {isa = PBXFileReference; fileEncoding = 4; lastKnownFileType = sourcecode.c.objc; path = RMDRuleEntryView.m; sourceTree = "<group>"; };
		CC6BBBAE1DA06AEA00409BAB /* MultipeerConnectivity.framework */ = {isa = PBXFileReference; lastKnownFileType = wrapper.framework; name = MultipeerConnectivity.framework; path = System/Library/Frameworks/MultipeerConnectivity.framework; sourceTree = SDKROOT; };
		CC6BBBE01DA9993300409BAB /* RMDRule.h */ = {isa = PBXFileReference; fileEncoding = 4; lastKnownFileType = sourcecode.c.h; path = RMDRule.h; sourceTree = "<group>"; };
		CC6BBBE11DA9993300409BAB /* RMDRule.m */ = {isa = PBXFileReference; fileEncoding = 4; lastKnownFileType = sourcecode.c.objc; path = RMDRule.m; sourceTree = "<group>"; };
		CCF661601D9E0CFA000F88F7 /* GameKit.framework */ = {isa = PBXFileReference; lastKnownFileType = wrapper.framework; name = GameKit.framework; path = System/Library/Frameworks/GameKit.framework; sourceTree = SDKROOT; };
/* End PBXFileReference section */

/* Begin PBXFrameworksBuildPhase section */
		CC0981361D8B75A500C2008F /* Frameworks */ = {
			isa = PBXFrameworksBuildPhase;
			buildActionMask = 2147483647;
			files = (
				CC6BBBAF1DA06AEA00409BAB /* MultipeerConnectivity.framework in Frameworks */,
			);
			runOnlyForDeploymentPostprocessing = 0;
		};
/* End PBXFrameworksBuildPhase section */

/* Begin PBXGroup section */
		CC0981301D8B75A500C2008F = {
			isa = PBXGroup;
			children = (
				CC09813B1D8B75A500C2008F /* Demon */,
				CC09813A1D8B75A500C2008F /* Products */,
				CCF6615F1D9E0CFA000F88F7 /* Frameworks */,
			);
			sourceTree = "<group>";
		};
		CC09813A1D8B75A500C2008F /* Products */ = {
			isa = PBXGroup;
			children = (
				CC0981391D8B75A500C2008F /* Demon.app */,
			);
			name = Products;
			sourceTree = "<group>";
		};
		CC09813B1D8B75A500C2008F /* Demon */ = {
			isa = PBXGroup;
			children = (
				CC09813F1D8B75A500C2008F /* AppDelegate.h */,
				CC0981401D8B75A500C2008F /* AppDelegate.m */,
				CC3088D71D9E0988008D8376 /* Networking */,
				CC6BBBDF1DA9972A00409BAB /* Model */,
				CC3D6B941D99E37A00ADEDCF /* Rule Entry */,
				CC3A9D331D8F48A8001736C9 /* Lobby */,
				CC3A9D341D8F48BD001736C9 /* Host */,
				CC3A9D381D8F49B0001736C9 /* Join */,
				CC0981481D8B75A500C2008F /* Assets.xcassets */,
				CC09814A1D8B75A500C2008F /* LaunchScreen.storyboard */,
				CC09814D1D8B75A500C2008F /* Info.plist */,
				CC09813C1D8B75A500C2008F /* Supporting Files */,
			);
			path = Demon;
			sourceTree = "<group>";
		};
		CC09813C1D8B75A500C2008F /* Supporting Files */ = {
			isa = PBXGroup;
			children = (
				CC09813D1D8B75A500C2008F /* main.m */,
			);
			name = "Supporting Files";
			sourceTree = "<group>";
		};
		CC3088D71D9E0988008D8376 /* Networking */ = {
			isa = PBXGroup;
			children = (
				CC3D6B8E1D96B92700ADEDCF /* RMDConnectionManager.h */,
				CC3D6B8F1D96B92700ADEDCF /* RMDConnectionManager.m */,
			);
			name = Networking;
			sourceTree = "<group>";
		};
		CC3A9D331D8F48A8001736C9 /* Lobby */ = {
			isa = PBXGroup;
			children = (
				CC3A9D301D8F45DA001736C9 /* RMDLobbyView.h */,
				CC3A9D311D8F45DA001736C9 /* RMDLobbyView.m */,
				CC09815F1D8B851E00C2008F /* RMDLobbyViewController.h */,
				CC0981601D8B851E00C2008F /* RMDLobbyViewController.m */,
			);
			name = Lobby;
			sourceTree = "<group>";
		};
		CC3A9D341D8F48BD001736C9 /* Host */ = {
			isa = PBXGroup;
			children = (
				CC3A9D351D8F48D9001736C9 /* RMDHostView.h */,
				CC3A9D361D8F48D9001736C9 /* RMDHostView.m */,
				CC3A9D2D1D8F45C1001736C9 /* RMDHostViewController.h */,
				CC3A9D2E1D8F45C1001736C9 /* RMDHostViewController.m */,
			);
			name = Host;
			sourceTree = "<group>";
		};
		CC3A9D381D8F49B0001736C9 /* Join */ = {
			isa = PBXGroup;
			children = (
				CC3A9D391D8F49BE001736C9 /* RMDJoinView.h */,
				CC3A9D3A1D8F49BE001736C9 /* RMDJoinView.m */,
				CC3A9D3C1D8F49C9001736C9 /* RMDJoinViewController.h */,
				CC3A9D3D1D8F49C9001736C9 /* RMDJoinViewController.m */,
			);
			name = Join;
			sourceTree = "<group>";
		};
		CC3D6B941D99E37A00ADEDCF /* Rule Entry */ = {
			isa = PBXGroup;
			children = (
				CC3D6B951D99E3AB00ADEDCF /* RMDRuleEntryView.h */,
				CC3D6B961D99E3AB00ADEDCF /* RMDRuleEntryView.m */,
				CC3D6B911D99E37200ADEDCF /* RMDRuleEntryViewController.h */,
				CC3D6B921D99E37200ADEDCF /* RMDRuleEntryViewController.m */,
			);
			name = "Rule Entry";
			sourceTree = "<group>";
		};
		CC6BBBDF1DA9972A00409BAB /* Model */ = {
			isa = PBXGroup;
			children = (
				CC6BBBE01DA9993300409BAB /* RMDRule.h */,
				CC6BBBE11DA9993300409BAB /* RMDRule.m */,
			);
			name = Model;
			sourceTree = "<group>";
		};
		CCF6615F1D9E0CFA000F88F7 /* Frameworks */ = {
			isa = PBXGroup;
			children = (
				CC6BBBAE1DA06AEA00409BAB /* MultipeerConnectivity.framework */,
				CCF661601D9E0CFA000F88F7 /* GameKit.framework */,
			);
			name = Frameworks;
			sourceTree = "<group>";
		};
/* End PBXGroup section */

/* Begin PBXNativeTarget section */
		CC0981381D8B75A500C2008F /* Demon */ = {
			isa = PBXNativeTarget;
			buildConfigurationList = CC0981501D8B75A500C2008F /* Build configuration list for PBXNativeTarget "Demon" */;
			buildPhases = (
				CC0981351D8B75A500C2008F /* Sources */,
				CC0981361D8B75A500C2008F /* Frameworks */,
				CC0981371D8B75A500C2008F /* Resources */,
			);
			buildRules = (
			);
			dependencies = (
			);
			name = Demon;
			productName = Demon;
			productReference = CC0981391D8B75A500C2008F /* Demon.app */;
			productType = "com.apple.product-type.application";
		};
/* End PBXNativeTarget section */

/* Begin PBXProject section */
		CC0981311D8B75A500C2008F /* Project object */ = {
			isa = PBXProject;
			attributes = {
				LastUpgradeCheck = 0800;
				ORGANIZATIONNAME = RachelDorn;
				TargetAttributes = {
					CC0981381D8B75A500C2008F = {
						CreatedOnToolsVersion = 7.3.1;
						DevelopmentTeam = 549743G9UM;
						ProvisioningStyle = Manual;
					};
				};
			};
			buildConfigurationList = CC0981341D8B75A500C2008F /* Build configuration list for PBXProject "Demon" */;
			compatibilityVersion = "Xcode 3.2";
			developmentRegion = English;
			hasScannedForEncodings = 0;
			knownRegions = (
				en,
				Base,
			);
			mainGroup = CC0981301D8B75A500C2008F;
			productRefGroup = CC09813A1D8B75A500C2008F /* Products */;
			projectDirPath = "";
			projectRoot = "";
			targets = (
				CC0981381D8B75A500C2008F /* Demon */,
			);
		};
/* End PBXProject section */

/* Begin PBXResourcesBuildPhase section */
		CC0981371D8B75A500C2008F /* Resources */ = {
			isa = PBXResourcesBuildPhase;
			buildActionMask = 2147483647;
			files = (
				CC09814C1D8B75A500C2008F /* LaunchScreen.storyboard in Resources */,
				CC0981491D8B75A500C2008F /* Assets.xcassets in Resources */,
			);
			runOnlyForDeploymentPostprocessing = 0;
		};
/* End PBXResourcesBuildPhase section */

/* Begin PBXSourcesBuildPhase section */
		CC0981351D8B75A500C2008F /* Sources */ = {
			isa = PBXSourcesBuildPhase;
			buildActionMask = 2147483647;
			files = (
				CC3D6B971D99E3AB00ADEDCF /* RMDRuleEntryView.m in Sources */,
				CC3A9D371D8F48D9001736C9 /* RMDHostView.m in Sources */,
				CC0981611D8B851E00C2008F /* RMDLobbyViewController.m in Sources */,
				CC0981411D8B75A500C2008F /* AppDelegate.m in Sources */,
				CC3D6B901D96B92700ADEDCF /* RMDConnectionManager.m in Sources */,
				CC3A9D2F1D8F45C1001736C9 /* RMDHostViewController.m in Sources */,
				CC3D6B931D99E37200ADEDCF /* RMDRuleEntryViewController.m in Sources */,
				CC3A9D3E1D8F49C9001736C9 /* RMDJoinViewController.m in Sources */,
				CC3A9D3B1D8F49BE001736C9 /* RMDJoinView.m in Sources */,
				CC09813E1D8B75A500C2008F /* main.m in Sources */,
				CC3A9D321D8F45DA001736C9 /* RMDLobbyView.m in Sources */,
				CC6BBBE21DA9993300409BAB /* RMDRule.m in Sources */,
			);
			runOnlyForDeploymentPostprocessing = 0;
		};
/* End PBXSourcesBuildPhase section */

/* Begin PBXVariantGroup section */
		CC09814A1D8B75A500C2008F /* LaunchScreen.storyboard */ = {
			isa = PBXVariantGroup;
			children = (
				CC09814B1D8B75A500C2008F /* Base */,
			);
			name = LaunchScreen.storyboard;
			sourceTree = "<group>";
		};
/* End PBXVariantGroup section */

/* Begin XCBuildConfiguration section */
		CC09814E1D8B75A500C2008F /* Debug */ = {
			isa = XCBuildConfiguration;
			buildSettings = {
				ALWAYS_SEARCH_USER_PATHS = NO;
				CLANG_ANALYZER_NONNULL = YES;
				CLANG_CXX_LANGUAGE_STANDARD = "gnu++0x";
				CLANG_CXX_LIBRARY = "libc++";
				CLANG_ENABLE_MODULES = YES;
				CLANG_ENABLE_OBJC_ARC = YES;
				CLANG_WARN_BOOL_CONVERSION = YES;
				CLANG_WARN_CONSTANT_CONVERSION = YES;
				CLANG_WARN_DIRECT_OBJC_ISA_USAGE = YES_ERROR;
				CLANG_WARN_EMPTY_BODY = YES;
				CLANG_WARN_ENUM_CONVERSION = YES;
				CLANG_WARN_INFINITE_RECURSION = YES;
				CLANG_WARN_INT_CONVERSION = YES;
				CLANG_WARN_OBJC_ROOT_CLASS = YES_ERROR;
				CLANG_WARN_SUSPICIOUS_MOVE = YES;
				CLANG_WARN_UNREACHABLE_CODE = YES;
				CLANG_WARN__DUPLICATE_METHOD_MATCH = YES;
				"CODE_SIGN_IDENTITY[sdk=iphoneos*]" = "iPhone Developer";
				COPY_PHASE_STRIP = NO;
				DEBUG_INFORMATION_FORMAT = dwarf;
				ENABLE_STRICT_OBJC_MSGSEND = YES;
				ENABLE_TESTABILITY = YES;
				GCC_C_LANGUAGE_STANDARD = gnu99;
				GCC_DYNAMIC_NO_PIC = NO;
				GCC_NO_COMMON_BLOCKS = YES;
				GCC_OPTIMIZATION_LEVEL = 0;
				GCC_PREPROCESSOR_DEFINITIONS = (
					"DEBUG=1",
					"$(inherited)",
				);
				GCC_WARN_64_TO_32_BIT_CONVERSION = YES;
				GCC_WARN_ABOUT_RETURN_TYPE = YES_ERROR;
				GCC_WARN_UNDECLARED_SELECTOR = YES;
				GCC_WARN_UNINITIALIZED_AUTOS = YES_AGGRESSIVE;
				GCC_WARN_UNUSED_FUNCTION = YES;
				GCC_WARN_UNUSED_VARIABLE = YES;
				IPHONEOS_DEPLOYMENT_TARGET = 9.3;
				MTL_ENABLE_DEBUG_INFO = YES;
				ONLY_ACTIVE_ARCH = YES;
				SDKROOT = iphoneos;
			};
			name = Debug;
		};
		CC09814F1D8B75A500C2008F /* Release */ = {
			isa = XCBuildConfiguration;
			buildSettings = {
				ALWAYS_SEARCH_USER_PATHS = NO;
				CLANG_ANALYZER_NONNULL = YES;
				CLANG_CXX_LANGUAGE_STANDARD = "gnu++0x";
				CLANG_CXX_LIBRARY = "libc++";
				CLANG_ENABLE_MODULES = YES;
				CLANG_ENABLE_OBJC_ARC = YES;
				CLANG_WARN_BOOL_CONVERSION = YES;
				CLANG_WARN_CONSTANT_CONVERSION = YES;
				CLANG_WARN_DIRECT_OBJC_ISA_USAGE = YES_ERROR;
				CLANG_WARN_EMPTY_BODY = YES;
				CLANG_WARN_ENUM_CONVERSION = YES;
				CLANG_WARN_INFINITE_RECURSION = YES;
				CLANG_WARN_INT_CONVERSION = YES;
				CLANG_WARN_OBJC_ROOT_CLASS = YES_ERROR;
				CLANG_WARN_SUSPICIOUS_MOVE = YES;
				CLANG_WARN_UNREACHABLE_CODE = YES;
				CLANG_WARN__DUPLICATE_METHOD_MATCH = YES;
				"CODE_SIGN_IDENTITY[sdk=iphoneos*]" = "iPhone Developer";
				COPY_PHASE_STRIP = NO;
				DEBUG_INFORMATION_FORMAT = "dwarf-with-dsym";
				ENABLE_NS_ASSERTIONS = NO;
				ENABLE_STRICT_OBJC_MSGSEND = YES;
				GCC_C_LANGUAGE_STANDARD = gnu99;
				GCC_NO_COMMON_BLOCKS = YES;
				GCC_WARN_64_TO_32_BIT_CONVERSION = YES;
				GCC_WARN_ABOUT_RETURN_TYPE = YES_ERROR;
				GCC_WARN_UNDECLARED_SELECTOR = YES;
				GCC_WARN_UNINITIALIZED_AUTOS = YES_AGGRESSIVE;
				GCC_WARN_UNUSED_FUNCTION = YES;
				GCC_WARN_UNUSED_VARIABLE = YES;
				IPHONEOS_DEPLOYMENT_TARGET = 9.3;
				MTL_ENABLE_DEBUG_INFO = NO;
				SDKROOT = iphoneos;
				VALIDATE_PRODUCT = YES;
			};
			name = Release;
		};
		CC0981511D8B75A500C2008F /* Debug */ = {
			isa = XCBuildConfiguration;
			buildSettings = {
				ASSETCATALOG_COMPILER_APPICON_NAME = AppIcon;
				DEVELOPMENT_TEAM = 549743G9UM;
				INFOPLIST_FILE = Demon/Info.plist;
				LD_RUNPATH_SEARCH_PATHS = "$(inherited) @executable_path/Frameworks";
				PRODUCT_BUNDLE_IDENTIFIER = com.nutmeg.Demon;
				PRODUCT_NAME = "$(TARGET_NAME)";
				PROVISIONING_PROFILE = "c18f7dbe-a457-49d3-b978-b3ce8f42616b";
				PROVISIONING_PROFILE_SPECIFIER = Demon;
			};
			name = Debug;
		};
		CC0981521D8B75A500C2008F /* Release */ = {
			isa = XCBuildConfiguration;
			buildSettings = {
				ASSETCATALOG_COMPILER_APPICON_NAME = AppIcon;
				DEVELOPMENT_TEAM = 549743G9UM;
				INFOPLIST_FILE = Demon/Info.plist;
				LD_RUNPATH_SEARCH_PATHS = "$(inherited) @executable_path/Frameworks";
				PRODUCT_BUNDLE_IDENTIFIER = com.nutmeg.Demon;
				PRODUCT_NAME = "$(TARGET_NAME)";
				PROVISIONING_PROFILE = "c18f7dbe-a457-49d3-b978-b3ce8f42616b";
				PROVISIONING_PROFILE_SPECIFIER = Demon;
			};
			name = Release;
		};
/* End XCBuildConfiguration section */

/* Begin XCConfigurationList section */
		CC0981341D8B75A500C2008F /* Build configuration list for PBXProject "Demon" */ = {
			isa = XCConfigurationList;
			buildConfigurations = (
				CC09814E1D8B75A500C2008F /* Debug */,
				CC09814F1D8B75A500C2008F /* Release */,
			);
			defaultConfigurationIsVisible = 0;
			defaultConfigurationName = Release;
		};
		CC0981501D8B75A500C2008F /* Build configuration list for PBXNativeTarget "Demon" */ = {
			isa = XCConfigurationList;
			buildConfigurations = (
				CC0981511D8B75A500C2008F /* Debug */,
				CC0981521D8B75A500C2008F /* Release */,
			);
			defaultConfigurationIsVisible = 0;
			defaultConfigurationName = Release;
		};
/* End XCConfigurationList section */
	};
	rootObject = CC0981311D8B75A500C2008F /* Project object */;
}
